{
    "_readme": [
        "This file locks the dependencies of your project to a known state",
        "Read more about it at http://getcomposer.org/doc/01-basic-usage.md#composer-lock-the-lock-file",
        "This file is @generated automatically"
    ],
    "hash": "5aad1a891595754536e6adac1dc848a2",
    "packages": [
        {
            "name": "doctrine/cache",
            "version": "v1.3.1",
            "source": {
                "type": "git",
                "url": "https://github.com/doctrine/cache.git",
                "reference": "cf483685798a72c93bf4206e3dd6358ea07d64e7"
            },
            "dist": {
                "type": "zip",
                "url": "https://api.github.com/repos/doctrine/cache/zipball/cf483685798a72c93bf4206e3dd6358ea07d64e7",
                "reference": "cf483685798a72c93bf4206e3dd6358ea07d64e7",
                "shasum": ""
            },
            "require": {
                "php": ">=5.3.2"
            },
            "conflict": {
                "doctrine/common": ">2.2,<2.4"
            },
            "require-dev": {
                "phpunit/phpunit": ">=3.7",
                "satooshi/php-coveralls": "~0.6"
            },
            "type": "library",
            "extra": {
                "branch-alias": {
                    "dev-master": "1.4.x-dev"
                }
            },
            "autoload": {
                "psr-0": {
                    "Doctrine\\Common\\Cache\\": "lib/"
                }
            },
            "notification-url": "https://packagist.org/downloads/",
            "license": [
                "MIT"
            ],
            "authors": [
                {
                    "name": "Roman Borschel",
                    "email": "roman@code-factory.org"
                },
                {
                    "name": "Benjamin Eberlei",
                    "email": "kontakt@beberlei.de"
                },
                {
                    "name": "Guilherme Blanco",
                    "email": "guilhermeblanco@gmail.com"
                },
                {
                    "name": "Jonathan Wage",
                    "email": "jonwage@gmail.com"
                },
                {
                    "name": "Johannes Schmitt",
                    "email": "schmittjoh@gmail.com"
                }
            ],
            "description": "Caching library offering an object-oriented API for many cache backends",
            "homepage": "http://www.doctrine-project.org",
            "keywords": [
                "cache",
                "caching"
            ],
            "time": "2014-09-17 14:24:04"
        },
        {
            "name": "guzzle/common",
            "version": "v3.9.2",
            "target-dir": "Guzzle/Common",
            "source": {
                "type": "git",
                "url": "https://github.com/guzzle/common.git",
                "reference": "2e36af7cf2ce3ea1f2d7c2831843b883a8e7b7dc"
            },
            "dist": {
                "type": "zip",
                "url": "https://api.github.com/repos/guzzle/common/zipball/2e36af7cf2ce3ea1f2d7c2831843b883a8e7b7dc",
                "reference": "2e36af7cf2ce3ea1f2d7c2831843b883a8e7b7dc",
                "shasum": ""
            },
            "require": {
                "php": ">=5.3.2",
                "symfony/event-dispatcher": ">=2.1"
            },
            "type": "library",
            "extra": {
                "branch-alias": {
                    "dev-master": "3.7-dev"
                }
            },
            "autoload": {
                "psr-0": {
                    "Guzzle\\Common": ""
                }
            },
            "notification-url": "https://packagist.org/downloads/",
            "license": [
                "MIT"
            ],
            "description": "Common libraries used by Guzzle",
            "homepage": "http://guzzlephp.org/",
            "keywords": [
                "collection",
                "common",
                "event",
                "exception"
            ],
            "time": "2014-08-11 04:32:36"
        },
        {
            "name": "guzzle/http",
            "version": "v3.9.2",
            "target-dir": "Guzzle/Http",
            "source": {
                "type": "git",
                "url": "https://github.com/guzzle/http.git",
                "reference": "1e8dd1e2ba9dc42332396f39fbfab950b2301dc5"
            },
            "dist": {
                "type": "zip",
                "url": "https://api.github.com/repos/guzzle/http/zipball/1e8dd1e2ba9dc42332396f39fbfab950b2301dc5",
                "reference": "1e8dd1e2ba9dc42332396f39fbfab950b2301dc5",
                "shasum": ""
            },
            "require": {
                "guzzle/common": "self.version",
                "guzzle/parser": "self.version",
                "guzzle/stream": "self.version",
                "php": ">=5.3.2"
            },
            "suggest": {
                "ext-curl": "*"
            },
            "type": "library",
            "extra": {
                "branch-alias": {
                    "dev-master": "3.7-dev"
                }
            },
            "autoload": {
                "psr-0": {
                    "Guzzle\\Http": ""
                }
            },
            "notification-url": "https://packagist.org/downloads/",
            "license": [
                "MIT"
            ],
            "authors": [
                {
                    "name": "Michael Dowling",
                    "email": "mtdowling@gmail.com",
                    "homepage": "https://github.com/mtdowling"
                }
            ],
            "description": "HTTP libraries used by Guzzle",
            "homepage": "http://guzzlephp.org/",
            "keywords": [
                "Guzzle",
                "client",
                "curl",
                "http",
                "http client"
            ],
            "time": "2014-08-11 04:32:36"
        },
        {
            "name": "guzzle/parser",
            "version": "v3.9.2",
            "target-dir": "Guzzle/Parser",
            "source": {
                "type": "git",
                "url": "https://github.com/guzzle/parser.git",
                "reference": "6874d171318a8e93eb6d224cf85e4678490b625c"
            },
            "dist": {
                "type": "zip",
                "url": "https://api.github.com/repos/guzzle/parser/zipball/6874d171318a8e93eb6d224cf85e4678490b625c",
                "reference": "6874d171318a8e93eb6d224cf85e4678490b625c",
                "shasum": ""
            },
            "require": {
                "php": ">=5.3.2"
            },
            "type": "library",
            "extra": {
                "branch-alias": {
                    "dev-master": "3.7-dev"
                }
            },
            "autoload": {
                "psr-0": {
                    "Guzzle\\Parser": ""
                }
            },
            "notification-url": "https://packagist.org/downloads/",
            "license": [
                "MIT"
            ],
            "description": "Interchangeable parsers used by Guzzle",
            "homepage": "http://guzzlephp.org/",
            "keywords": [
                "URI Template",
                "cookie",
                "http",
                "message",
                "url"
            ],
            "time": "2014-02-05 18:29:46"
        },
        {
            "name": "guzzle/stream",
            "version": "v3.9.2",
            "target-dir": "Guzzle/Stream",
            "source": {
                "type": "git",
                "url": "https://github.com/guzzle/stream.git",
                "reference": "60c7fed02e98d2c518dae8f97874c8f4622100f0"
            },
            "dist": {
                "type": "zip",
                "url": "https://api.github.com/repos/guzzle/stream/zipball/60c7fed02e98d2c518dae8f97874c8f4622100f0",
                "reference": "60c7fed02e98d2c518dae8f97874c8f4622100f0",
                "shasum": ""
            },
            "require": {
                "guzzle/common": "self.version",
                "php": ">=5.3.2"
            },
            "suggest": {
                "guzzle/http": "To convert Guzzle request objects to PHP streams"
            },
            "type": "library",
            "extra": {
                "branch-alias": {
                    "dev-master": "3.7-dev"
                }
            },
            "autoload": {
                "psr-0": {
                    "Guzzle\\Stream": ""
                }
            },
            "notification-url": "https://packagist.org/downloads/",
            "license": [
                "MIT"
            ],
            "authors": [
                {
                    "name": "Michael Dowling",
                    "email": "mtdowling@gmail.com",
                    "homepage": "https://github.com/mtdowling"
                }
            ],
            "description": "Guzzle stream wrapper component",
            "homepage": "http://guzzlephp.org/",
            "keywords": [
                "Guzzle",
                "component",
                "stream"
            ],
            "time": "2014-05-01 21:36:02"
        },
        {
            "name": "omnipay/common",
            "version": "v2.3.1",
            "source": {
                "type": "git",
                "url": "https://github.com/thephpleague/omnipay-common.git",
                "reference": "2c83349327ed3534237043a7a882cbaff55a7866"
            },
            "dist": {
                "type": "zip",
                "url": "https://api.github.com/repos/thephpleague/omnipay-common/zipball/2c83349327ed3534237043a7a882cbaff55a7866",
                "reference": "2c83349327ed3534237043a7a882cbaff55a7866",
                "shasum": ""
            },
            "require": {
                "guzzle/http": "~3.1",
                "php": ">=5.3.2",
                "symfony/http-foundation": "~2.1"
            },
            "require-dev": {
                "omnipay/tests": "~2.0"
            },
            "type": "library",
            "extra": {
                "branch-alias": {
                    "dev-master": "2.0.x-dev"
                },
                "gateways": [
                    "AuthorizeNet_AIM",
                    "AuthorizeNet_SIM",
                    "Buckaroo",
                    "Buckaroo_Ideal",
                    "Buckaroo_PayPal",
                    "CardSave",
                    "Coinbase",
                    "Dummy",
                    "Eway_Rapid",
                    "FirstData_Connect",
                    "GoCardless",
                    "Manual",
                    "Migs_ThreeParty",
                    "Migs_TwoParty",
                    "Mollie",
                    "MultiSafepay",
                    "Netaxept",
                    "NetBanx",
                    "PayFast",
                    "Payflow_Pro",
                    "PaymentExpress_PxPay",
                    "PaymentExpress_PxPost",
                    "PayPal_Express",
                    "PayPal_Pro",
                    "Pin",
                    "SagePay_Direct",
                    "SagePay_Server",
                    "SecurePay_DirectPost",
                    "Stripe",
                    "TargetPay_Directebanking",
                    "TargetPay_Ideal",
                    "TargetPay_Mrcash",
                    "TwoCheckout",
                    "WorldPay"
                ]
            },
            "autoload": {
                "psr-0": {
                    "Omnipay\\Common\\": "src/"
                },
                "classmap": [
                    "src/Omnipay/Omnipay.php"
                ]
            },
            "notification-url": "https://packagist.org/downloads/",
            "license": [
                "MIT"
            ],
            "authors": [
                {
                    "name": "Adrian Macneil",
                    "email": "adrian@adrianmacneil.com"
                },
                {
                    "name": "Omnipay Contributors",
                    "homepage": "https://github.com/thephpleague/omnipay-common/contributors"
                }
            ],
            "description": "Common components for Omnipay payment processing library",
            "homepage": "https://github.com/thephpleague/omnipay-common",
            "keywords": [
                "gateway",
                "merchant",
                "omnipay",
                "pay",
                "payment",
                "purchase"
            ],
            "time": "2014-09-17 00:38:32"
        },
        {
            "name": "symfony/event-dispatcher",
            "version": "v2.5.6",
            "target-dir": "Symfony/Component/EventDispatcher",
            "source": {
                "type": "git",
                "url": "https://github.com/symfony/EventDispatcher.git",
                "reference": "804eb28dbbfba9ffdab21fe2066744906cea2212"
            },
            "dist": {
                "type": "zip",
                "url": "https://api.github.com/repos/symfony/EventDispatcher/zipball/804eb28dbbfba9ffdab21fe2066744906cea2212",
                "reference": "804eb28dbbfba9ffdab21fe2066744906cea2212",
                "shasum": ""
            },
            "require": {
                "php": ">=5.3.3"
            },
            "require-dev": {
                "psr/log": "~1.0",
                "symfony/config": "~2.0",
                "symfony/dependency-injection": "~2.0,<2.6.0",
                "symfony/stopwatch": "~2.2"
            },
            "suggest": {
                "symfony/dependency-injection": "",
                "symfony/http-kernel": ""
            },
            "type": "library",
            "extra": {
                "branch-alias": {
                    "dev-master": "2.5-dev"
                }
            },
            "autoload": {
                "psr-0": {
                    "Symfony\\Component\\EventDispatcher\\": ""
                }
            },
            "notification-url": "https://packagist.org/downloads/",
            "license": [
                "MIT"
            ],
            "authors": [
                {
                    "name": "Symfony Community",
                    "homepage": "http://symfony.com/contributors"
                },
                {
                    "name": "Fabien Potencier",
                    "email": "fabien@symfony.com"
                }
            ],
            "description": "Symfony EventDispatcher Component",
            "homepage": "http://symfony.com",
            "time": "2014-10-01 15:43:05"
        },
        {
            "name": "symfony/http-foundation",
            "version": "v2.5.6",
            "target-dir": "Symfony/Component/HttpFoundation",
            "source": {
                "type": "git",
                "url": "https://github.com/symfony/HttpFoundation.git",
                "reference": "56111fc8ba8bcad93d367532babecc6ce17f66ce"
            },
            "dist": {
                "type": "zip",
                "url": "https://api.github.com/repos/symfony/HttpFoundation/zipball/56111fc8ba8bcad93d367532babecc6ce17f66ce",
                "reference": "56111fc8ba8bcad93d367532babecc6ce17f66ce",
                "shasum": ""
            },
            "require": {
                "php": ">=5.3.3"
            },
            "require-dev": {
                "symfony/expression-language": "~2.4"
            },
            "type": "library",
            "extra": {
                "branch-alias": {
                    "dev-master": "2.5-dev"
                }
            },
            "autoload": {
                "psr-0": {
                    "Symfony\\Component\\HttpFoundation\\": ""
                },
                "classmap": [
                    "Symfony/Component/HttpFoundation/Resources/stubs"
                ]
            },
            "notification-url": "https://packagist.org/downloads/",
            "license": [
                "MIT"
            ],
            "authors": [
                {
                    "name": "Symfony Community",
                    "homepage": "http://symfony.com/contributors"
                },
                {
                    "name": "Fabien Potencier",
                    "email": "fabien@symfony.com"
                }
            ],
            "description": "Symfony HttpFoundation Component",
            "homepage": "http://symfony.com",
            "time": "2014-10-24 05:49:22"
        }
    ],
    "packages-dev": [],
    "aliases": [],
    "minimum-stability": "stable",
    "stability-flags": [],
    "prefer-stable": false,
    "platform": [],
    "platform-dev": []
}
